
Microsoft Visual Studio Solution File, Format Version 12.00
# Visual Studio Version 17
VisualStudioVersion = 17.0.31903.59
MinimumVisualStudioVersion = 10.0.40219.1
Project("{FAE04EC0-301F-11D3-BF4B-00C04F79EFBC}") = "Day01", "Day01\Day01.csproj", "{D551AD29-F2E8-4597-949B-4F6A43C713A0}"
EndProject
Project("{FAE04EC0-301F-11D3-BF4B-00C04F79EFBC}") = "Day02", "Day02\Day02.csproj", "{50BDA3F0-400E-4FB5-A192-7C650EACD37C}"
EndProject
Project("{FAE04EC0-301F-11D3-BF4B-00C04F79EFBC}") = "Day03", "Day03\Day03.csproj", "{4EE27057-D4E3-4901-A257-85CE017B1A9A}"
EndProject
Project("{FAE04EC0-301F-11D3-BF4B-00C04F79EFBC}") = "Day04", "Day04\Day04.csproj", "{08839620-764A-4A44-9277-314FB28EFE75}"
EndProject
Project("{FAE04EC0-301F-11D3-BF4B-00C04F79EFBC}") = "Day06", "Day06\Day06.csproj", "{23BF583C-7075-4168-96C0-71BF05E565C8}"
EndProject
Project("{FAE04EC0-301F-11D3-BF4B-00C04F79EFBC}") = "Day07", "Day07\Day07.csproj", "{999A935B-8464-421E-BCAC-9D89A22CF4DE}"
EndProject
Global
	GlobalSection(SolutionConfigurationPlatforms) = preSolution
		Debug|Any CPU = Debug|Any CPU
		Debug|x64 = Debug|x64
		Debug|x86 = Debug|x86
		Release|Any CPU = Release|Any CPU
		Release|x64 = Release|x64
		Release|x86 = Release|x86
	EndGlobalSection
	GlobalSection(ProjectConfigurationPlatforms) = postSolution
		{D551AD29-F2E8-4597-949B-4F6A43C713A0}.Debug|Any CPU.ActiveCfg = Debug|Any CPU
		{D551AD29-F2E8-4597-949B-4F6A43C713A0}.Debug|Any CPU.Build.0 = Debug|Any CPU
		{D551AD29-F2E8-4597-949B-4F6A43C713A0}.Debug|x64.ActiveCfg = Debug|Any CPU
		{D551AD29-F2E8-4597-949B-4F6A43C713A0}.Debug|x64.Build.0 = Debug|Any CPU
		{D551AD29-F2E8-4597-949B-4F6A43C713A0}.Debug|x86.ActiveCfg = Debug|Any CPU
		{D551AD29-F2E8-4597-949B-4F6A43C713A0}.Debug|x86.Build.0 = Debug|Any CPU
		{D551AD29-F2E8-4597-949B-4F6A43C713A0}.Release|Any CPU.ActiveCfg = Release|Any CPU
		{D551AD29-F2E8-4597-949B-4F6A43C713A0}.Release|Any CPU.Build.0 = Release|Any CPU
		{D551AD29-F2E8-4597-949B-4F6A43C713A0}.Release|x64.ActiveCfg = Release|Any CPU
		{D551AD29-F2E8-4597-949B-4F6A43C713A0}.Release|x64.Build.0 = Release|Any CPU
		{D551AD29-F2E8-4597-949B-4F6A43C713A0}.Release|x86.ActiveCfg = Release|Any CPU
		{D551AD29-F2E8-4597-949B-4F6A43C713A0}.Release|x86.Build.0 = Release|Any CPU
		{50BDA3F0-400E-4FB5-A192-7C650EACD37C}.Debug|Any CPU.ActiveCfg = Debug|Any CPU
		{50BDA3F0-400E-4FB5-A192-7C650EACD37C}.Debug|Any CPU.Build.0 = Debug|Any CPU
		{50BDA3F0-400E-4FB5-A192-7C650EACD37C}.Debug|x64.ActiveCfg = Debug|Any CPU
		{50BDA3F0-400E-4FB5-A192-7C650EACD37C}.Debug|x64.Build.0 = Debug|Any CPU
		{50BDA3F0-400E-4FB5-A192-7C650EACD37C}.Debug|x86.ActiveCfg = Debug|Any CPU
		{50BDA3F0-400E-4FB5-A192-7C650EACD37C}.Debug|x86.Build.0 = Debug|Any CPU
		{50BDA3F0-400E-4FB5-A192-7C650EACD37C}.Release|Any CPU.ActiveCfg = Release|Any CPU
		{50BDA3F0-400E-4FB5-A192-7C650EACD37C}.Release|Any CPU.Build.0 = Release|Any CPU
		{50BDA3F0-400E-4FB5-A192-7C650EACD37C}.Release|x64.ActiveCfg = Release|Any CPU
		{50BDA3F0-400E-4FB5-A192-7C650EACD37C}.Release|x64.Build.0 = Release|Any CPU
		{50BDA3F0-400E-4FB5-A192-7C650EACD37C}.Release|x86.ActiveCfg = Release|Any CPU
		{50BDA3F0-400E-4FB5-A192-7C650EACD37C}.Release|x86.Build.0 = Release|Any CPU
		{4EE27057-D4E3-4901-A257-85CE017B1A9A}.Debug|Any CPU.ActiveCfg = Debug|Any CPU
		{4EE27057-D4E3-4901-A257-85CE017B1A9A}.Debug|Any CPU.Build.0 = Debug|Any CPU
		{4EE27057-D4E3-4901-A257-85CE017B1A9A}.Debug|x64.ActiveCfg = Debug|Any CPU
		{4EE27057-D4E3-4901-A257-85CE017B1A9A}.Debug|x64.Build.0 = Debug|Any CPU
		{4EE27057-D4E3-4901-A257-85CE017B1A9A}.Debug|x86.ActiveCfg = Debug|Any CPU
		{4EE27057-D4E3-4901-A257-85CE017B1A9A}.Debug|x86.Build.0 = Debug|Any CPU
		{4EE27057-D4E3-4901-A257-85CE017B1A9A}.Release|Any CPU.ActiveCfg = Release|Any CPU
		{4EE27057-D4E3-4901-A257-85CE017B1A9A}.Release|Any CPU.Build.0 = Release|Any CPU
		{4EE27057-D4E3-4901-A257-85CE017B1A9A}.Release|x64.ActiveCfg = Release|Any CPU
		{4EE27057-D4E3-4901-A257-85CE017B1A9A}.Release|x64.Build.0 = Release|Any CPU
		{4EE27057-D4E3-4901-A257-85CE017B1A9A}.Release|x86.ActiveCfg = Release|Any CPU
		{4EE27057-D4E3-4901-A257-85CE017B1A9A}.Release|x86.Build.0 = Release|Any CPU
		{08839620-764A-4A44-9277-314FB28EFE75}.Debug|Any CPU.ActiveCfg = Debug|Any CPU
		{08839620-764A-4A44-9277-314FB28EFE75}.Debug|Any CPU.Build.0 = Debug|Any CPU
		{08839620-764A-4A44-9277-314FB28EFE75}.Debug|x64.ActiveCfg = Debug|Any CPU
		{08839620-764A-4A44-9277-314FB28EFE75}.Debug|x64.Build.0 = Debug|Any CPU
		{08839620-764A-4A44-9277-314FB28EFE75}.Debug|x86.ActiveCfg = Debug|Any CPU
		{08839620-764A-4A44-9277-314FB28EFE75}.Debug|x86.Build.0 = Debug|Any CPU
		{08839620-764A-4A44-9277-314FB28EFE75}.Release|Any CPU.ActiveCfg = Release|Any CPU
		{08839620-764A-4A44-9277-314FB28EFE75}.Release|Any CPU.Build.0 = Release|Any CPU
		{08839620-764A-4A44-9277-314FB28EFE75}.Release|x64.ActiveCfg = Release|Any CPU
		{08839620-764A-4A44-9277-314FB28EFE75}.Release|x64.Build.0 = Release|Any CPU
		{08839620-764A-4A44-9277-314FB28EFE75}.Release|x86.ActiveCfg = Release|Any CPU
		{08839620-764A-4A44-9277-314FB28EFE75}.Release|x86.Build.0 = Release|Any CPU
		{23BF583C-7075-4168-96C0-71BF05E565C8}.Debug|Any CPU.ActiveCfg = Debug|Any CPU
		{23BF583C-7075-4168-96C0-71BF05E565C8}.Debug|Any CPU.Build.0 = Debug|Any CPU
		{23BF583C-7075-4168-96C0-71BF05E565C8}.Debug|x64.ActiveCfg = Debug|Any CPU
		{23BF583C-7075-4168-96C0-71BF05E565C8}.Debug|x64.Build.0 = Debug|Any CPU
		{23BF583C-7075-4168-96C0-71BF05E565C8}.Debug|x86.ActiveCfg = Debug|Any CPU
		{23BF583C-7075-4168-96C0-71BF05E565C8}.Debug|x86.Build.0 = Debug|Any CPU
		{23BF583C-7075-4168-96C0-71BF05E565C8}.Release|Any CPU.ActiveCfg = Release|Any CPU
		{23BF583C-7075-4168-96C0-71BF05E565C8}.Release|Any CPU.Build.0 = Release|Any CPU
		{23BF583C-7075-4168-96C0-71BF05E565C8}.Release|x64.ActiveCfg = Release|Any CPU
		{23BF583C-7075-4168-96C0-71BF05E565C8}.Release|x64.Build.0 = Release|Any CPU
		{23BF583C-7075-4168-96C0-71BF05E565C8}.Release|x86.ActiveCfg = Release|Any CPU
		{23BF583C-7075-4168-96C0-71BF05E565C8}.Release|x86.Build.0 = Release|Any CPU
		{999A935B-8464-421E-BCAC-9D89A22CF4DE}.Debug|Any CPU.ActiveCfg = Debug|Any CPU
		{999A935B-8464-421E-BCAC-9D89A22CF4DE}.Debug|Any CPU.Build.0 = Debug|Any CPU
		{999A935B-8464-421E-BCAC-9D89A22CF4DE}.Debug|x64.ActiveCfg = Debug|Any CPU
		{999A935B-8464-421E-BCAC-9D89A22CF4DE}.Debug|x64.Build.0 = Debug|Any CPU
		{999A935B-8464-421E-BCAC-9D89A22CF4DE}.Debug|x86.ActiveCfg = Debug|Any CPU
		{999A935B-8464-421E-BCAC-9D89A22CF4DE}.Debug|x86.Build.0 = Debug|Any CPU
		{999A935B-8464-421E-BCAC-9D89A22CF4DE}.Release|Any CPU.ActiveCfg = Release|Any CPU
		{999A935B-8464-421E-BCAC-9D89A22CF4DE}.Release|Any CPU.Build.0 = Release|Any CPU
		{999A935B-8464-421E-BCAC-9D89A22CF4DE}.Release|x64.ActiveCfg = Release|Any CPU
		{999A935B-8464-421E-BCAC-9D89A22CF4DE}.Release|x64.Build.0 = Release|Any CPU
		{999A935B-8464-421E-BCAC-9D89A22CF4DE}.Release|x86.ActiveCfg = Release|Any CPU
		{999A935B-8464-421E-BCAC-9D89A22CF4DE}.Release|x86.Build.0 = Release|Any CPU
	EndGlobalSection
	GlobalSection(SolutionProperties) = preSolution
		HideSolutionNode = FALSE
	EndGlobalSection
EndGlobal
